
Microsoft Visual Studio Solution File, Format Version 12.00
# Visual Studio Version 16
VisualStudioVersion = 16.0.30804.86
MinimumVisualStudioVersion = 10.0.40219.1
Project("{8BC9CEB8-8B4A-11D0-8D11-00A0C91BC942}") = "10.1 с++", "10.1 с++\10.1 с++.vcxproj", "{FF17E1CD-8811-429E-AD04-99BA93295A74}"
EndProject
Project("{8BC9CEB8-8B4A-11D0-8D11-00A0C91BC942}") = "UnitTest1", "UnitTest1\UnitTest1.vcxproj", "{C0DA5559-CFBD-41BB-83C7-0B7CBB1BB554}"
EndProject
Global
	GlobalSection(SolutionConfigurationPlatforms) = preSolution
		Debug|x64 = Debug|x64
		Debug|x86 = Debug|x86
		Release|x64 = Release|x64
		Release|x86 = Release|x86
	EndGlobalSection
	GlobalSection(ProjectConfigurationPlatforms) = postSolution
		{FF17E1CD-8811-429E-AD04-99BA93295A74}.Debug|x64.ActiveCfg = Debug|x64
		{FF17E1CD-8811-429E-AD04-99BA93295A74}.Debug|x64.Build.0 = Debug|x64
		{FF17E1CD-8811-429E-AD04-99BA93295A74}.Debug|x86.ActiveCfg = Debug|Win32
		{FF17E1CD-8811-429E-AD04-99BA93295A74}.Debug|x86.Build.0 = Debug|Win32
		{FF17E1CD-8811-429E-AD04-99BA93295A74}.Release|x64.ActiveCfg = Release|x64
		{FF17E1CD-8811-429E-AD04-99BA93295A74}.Release|x64.Build.0 = Release|x64
		{FF17E1CD-8811-429E-AD04-99BA93295A74}.Release|x86.ActiveCfg = Release|Win32
		{FF17E1CD-8811-429E-AD04-99BA93295A74}.Release|x86.Build.0 = Release|Win32
		{C0DA5559-CFBD-41BB-83C7-0B7CBB1BB554}.Debug|x64.ActiveCfg = Debug|x64
		{C0DA5559-CFBD-41BB-83C7-0B7CBB1BB554}.Debug|x64.Build.0 = Debug|x64
		{C0DA5559-CFBD-41BB-83C7-0B7CBB1BB554}.Debug|x86.ActiveCfg = Debug|Win32
		{C0DA5559-CFBD-41BB-83C7-0B7CBB1BB554}.Debug|x86.Build.0 = Debug|Win32
		{C0DA5559-CFBD-41BB-83C7-0B7CBB1BB554}.Release|x64.ActiveCfg = Release|x64
		{C0DA5559-CFBD-41BB-83C7-0B7CBB1BB554}.Release|x64.Build.0 = Release|x64
		{C0DA5559-CFBD-41BB-83C7-0B7CBB1BB554}.Release|x86.ActiveCfg = Release|Win32
		{C0DA5559-CFBD-41BB-83C7-0B7CBB1BB554}.Release|x86.Build.0 = Release|Win32
	EndGlobalSection
	GlobalSection(SolutionProperties) = preSolution
		HideSolutionNode = FALSE
	EndGlobalSection
	GlobalSection(ExtensibilityGlobals) = postSolution
		SolutionGuid = {C0266543-878F-41B3-937A-9C1E28EC7861}
	EndGlobalSection
EndGlobal
